
Microsoft Visual Studio Solution File, Format Version 12.00
# Visual Studio Version 16
VisualStudioVersion = 16.0.31424.327
MinimumVisualStudioVersion = 10.0.40219.1
Project("{FAE04EC0-301F-11D3-BF4B-00C04F79EFBC}") = "calc", "calc\calc.csproj", "{4EA22B3B-81E7-48FE-8AC6-334EA7C15F16}"
EndProject
Global
	GlobalSection(SolutionConfigurationPlatforms) = preSolution
		Debug|Any CPU = Debug|Any CPU
		Release|Any CPU = Release|Any CPU
	EndGlobalSection
	GlobalSection(ProjectConfigurationPlatforms) = postSolution
		{4EA22B3B-81E7-48FE-8AC6-334EA7C15F16}.Debug|Any CPU.ActiveCfg = Debug|Any CPU
		{4EA22B3B-81E7-48FE-8AC6-334EA7C15F16}.Debug|Any CPU.Build.0 = Debug|Any CPU
		{4EA22B3B-81E7-48FE-8AC6-334EA7C15F16}.Release|Any CPU.ActiveCfg = Release|Any CPU
		{4EA22B3B-81E7-48FE-8AC6-334EA7C15F16}.Release|Any CPU.Build.0 = Release|Any CPU
	EndGlobalSection
	GlobalSection(SolutionProperties) = preSolution
		HideSolutionNode = FALSE
	EndGlobalSection
	GlobalSection(ExtensibilityGlobals) = postSolution
		SolutionGuid = {42BABB7F-8488-4CDB-9B3D-B73D2DFACC2C}
	EndGlobalSection
EndGlobal
